
Microsoft Visual Studio Solution File, Format Version 12.00
# Visual Studio 15
VisualStudioVersion = 15.0.28307.106
MinimumVisualStudioVersion = 10.0.40219.1
Project("{FAE04EC0-301F-11D3-BF4B-00C04F79EFBC}") = "InsuranceQuote", "InsuranceQuote\InsuranceQuote.csproj", "{8323FA17-409C-4947-858E-2A1BA76B2DF5}"
EndProject
Global
	GlobalSection(SolutionConfigurationPlatforms) = preSolution
		Debug|Any CPU = Debug|Any CPU
		Release|Any CPU = Release|Any CPU
	EndGlobalSection
	GlobalSection(ProjectConfigurationPlatforms) = postSolution
		{8323FA17-409C-4947-858E-2A1BA76B2DF5}.Debug|Any CPU.ActiveCfg = Debug|Any CPU
		{8323FA17-409C-4947-858E-2A1BA76B2DF5}.Debug|Any CPU.Build.0 = Debug|Any CPU
		{8323FA17-409C-4947-858E-2A1BA76B2DF5}.Release|Any CPU.ActiveCfg = Release|Any CPU
		{8323FA17-409C-4947-858E-2A1BA76B2DF5}.Release|Any CPU.Build.0 = Release|Any CPU
	EndGlobalSection
	GlobalSection(SolutionProperties) = preSolution
		HideSolutionNode = FALSE
	EndGlobalSection
	GlobalSection(ExtensibilityGlobals) = postSolution
		SolutionGuid = {13A53671-4C0C-4BCE-90E0-E336460110A4}
	EndGlobalSection
EndGlobal
